// !$*UTF8*$!
{
	archiveVersion = 1;
	classes = {
	};
	objectVersion = 56;
	objects = {

/* Begin PBXBuildFile section */
		B48C707F2D36BB540003C9CD /* FootballLeagueAppApp.swift in Sources */ = {isa = PBXBuildFile; fileRef = B48C707E2D36BB540003C9CD /* FootballLeagueAppApp.swift */; };
		B48C70832D36BB5D0003C9CD /* Assets.xcassets in Resources */ = {isa = PBXBuildFile; fileRef = B48C70822D36BB5D0003C9CD /* Assets.xcassets */; };
		B48C70862D36BB5D0003C9CD /* Preview Assets.xcassets in Resources */ = {isa = PBXBuildFile; fileRef = B48C70852D36BB5D0003C9CD /* Preview Assets.xcassets */; };
		B48C70902D36BB5E0003C9CD /* FootballLeagueAppTests.swift in Sources */ = {isa = PBXBuildFile; fileRef = B48C708F2D36BB5E0003C9CD /* FootballLeagueAppTests.swift */; };
		B48C709A2D36BB5E0003C9CD /* FootballLeagueAppUITests.swift in Sources */ = {isa = PBXBuildFile; fileRef = B48C70992D36BB5E0003C9CD /* FootballLeagueAppUITests.swift */; };
		B48C709C2D36BB5E0003C9CD /* FootballLeagueAppUITestsLaunchTests.swift in Sources */ = {isa = PBXBuildFile; fileRef = B48C709B2D36BB5E0003C9CD /* FootballLeagueAppUITestsLaunchTests.swift */; };
		B48C70B02D36BD390003C9CD /* LeagueTableView.swift in Sources */ = {isa = PBXBuildFile; fileRef = B48C70AF2D36BD390003C9CD /* LeagueTableView.swift */; };
		B48C70B62D36C0310003C9CD /* LeagueTableViewModel.swift in Sources */ = {isa = PBXBuildFile; fileRef = B48C70B52D36C0310003C9CD /* LeagueTableViewModel.swift */; };
		B48C70B82D36C4260003C9CD /* LeagueTableSource.swift in Sources */ = {isa = PBXBuildFile; fileRef = B48C70B72D36C4260003C9CD /* LeagueTableSource.swift */; };
		B48C70BA2D36C45C0003C9CD /* LeagueTableItem.swift in Sources */ = {isa = PBXBuildFile; fileRef = B48C70B92D36C45C0003C9CD /* LeagueTableItem.swift */; };
		B48C70BC2D36C5770003C9CD /* LeagueTableResult.swift in Sources */ = {isa = PBXBuildFile; fileRef = B48C70BB2D36C5770003C9CD /* LeagueTableResult.swift */; };
		B48C70BE2D36C9790003C9CD /* LeagueTableItemView.swift in Sources */ = {isa = PBXBuildFile; fileRef = B48C70BD2D36C9790003C9CD /* LeagueTableItemView.swift */; };
		B48C70C02D36CC6C0003C9CD /* TableSortByProperty.swift in Sources */ = {isa = PBXBuildFile; fileRef = B48C70BF2D36CC6C0003C9CD /* TableSortByProperty.swift */; };
		B48C70C22D36CE570003C9CD /* LeagueTableFiltersView.swift in Sources */ = {isa = PBXBuildFile; fileRef = B48C70C12D36CE570003C9CD /* LeagueTableFiltersView.swift */; };
		B48C70C42D36D4DB0003C9CD /* TeamDetailViewModel.swift in Sources */ = {isa = PBXBuildFile; fileRef = B48C70C32D36D4DB0003C9CD /* TeamDetailViewModel.swift */; };
		B48C70C62D36D5450003C9CD /* TeamDetail.swift in Sources */ = {isa = PBXBuildFile; fileRef = B48C70C52D36D5450003C9CD /* TeamDetail.swift */; };
		B48C70C82D36D6680003C9CD /* TeamDetailSource.swift in Sources */ = {isa = PBXBuildFile; fileRef = B48C70C72D36D6680003C9CD /* TeamDetailSource.swift */; };
		B48C70CA2D36D7130003C9CD /* SearchTeamsResponse.swift in Sources */ = {isa = PBXBuildFile; fileRef = B48C70C92D36D7130003C9CD /* SearchTeamsResponse.swift */; };
		B48C70CC2D36E6DB0003C9CD /* TeamDetailView.swift in Sources */ = {isa = PBXBuildFile; fileRef = B48C70CB2D36E6DB0003C9CD /* TeamDetailView.swift */; };
		B48C70CE2D37048E0003C9CD /* FetchingState.swift in Sources */ = {isa = PBXBuildFile; fileRef = B48C70CD2D37048E0003C9CD /* FetchingState.swift */; };
		B48C70D02D3705B80003C9CD /* TeamDataView.swift in Sources */ = {isa = PBXBuildFile; fileRef = B48C70CF2D3705B80003C9CD /* TeamDataView.swift */; };
		B48C70D32D370F580003C9CD /* TeamDetailViewModelTests.swift in Sources */ = {isa = PBXBuildFile; fileRef = B48C70D22D370F580003C9CD /* TeamDetailViewModelTests.swift */; };
/* End PBXBuildFile section */

/* Begin PBXContainerItemProxy section */
		B48C708C2D36BB5E0003C9CD /* PBXContainerItemProxy */ = {
			isa = PBXContainerItemProxy;
			containerPortal = B48C70732D36BB540003C9CD /* Project object */;
			proxyType = 1;
			remoteGlobalIDString = B48C707A2D36BB540003C9CD;
			remoteInfo = FootballLeagueApp;
		};
		B48C70962D36BB5E0003C9CD /* PBXContainerItemProxy */ = {
			isa = PBXContainerItemProxy;
			containerPortal = B48C70732D36BB540003C9CD /* Project object */;
			proxyType = 1;
			remoteGlobalIDString = B48C707A2D36BB540003C9CD;
			remoteInfo = FootballLeagueApp;
		};
/* End PBXContainerItemProxy section */

/* Begin PBXFileReference section */
		B48C707B2D36BB540003C9CD /* FootballLeagueApp.app */ = {isa = PBXFileReference; explicitFileType = wrapper.application; includeInIndex = 0; path = FootballLeagueApp.app; sourceTree = BUILT_PRODUCTS_DIR; };
		B48C707E2D36BB540003C9CD /* FootballLeagueAppApp.swift */ = {isa = PBXFileReference; lastKnownFileType = sourcecode.swift; path = FootballLeagueAppApp.swift; sourceTree = "<group>"; };
		B48C70822D36BB5D0003C9CD /* Assets.xcassets */ = {isa = PBXFileReference; lastKnownFileType = folder.assetcatalog; path = Assets.xcassets; sourceTree = "<group>"; };
		B48C70852D36BB5D0003C9CD /* Preview Assets.xcassets */ = {isa = PBXFileReference; lastKnownFileType = folder.assetcatalog; path = "Preview Assets.xcassets"; sourceTree = "<group>"; };
		B48C708B2D36BB5E0003C9CD /* FootballLeagueAppTests.xctest */ = {isa = PBXFileReference; explicitFileType = wrapper.cfbundle; includeInIndex = 0; path = FootballLeagueAppTests.xctest; sourceTree = BUILT_PRODUCTS_DIR; };
		B48C708F2D36BB5E0003C9CD /* FootballLeagueAppTests.swift */ = {isa = PBXFileReference; lastKnownFileType = sourcecode.swift; path = FootballLeagueAppTests.swift; sourceTree = "<group>"; };
		B48C70952D36BB5E0003C9CD /* FootballLeagueAppUITests.xctest */ = {isa = PBXFileReference; explicitFileType = wrapper.cfbundle; includeInIndex = 0; path = FootballLeagueAppUITests.xctest; sourceTree = BUILT_PRODUCTS_DIR; };
		B48C70992D36BB5E0003C9CD /* FootballLeagueAppUITests.swift */ = {isa = PBXFileReference; lastKnownFileType = sourcecode.swift; path = FootballLeagueAppUITests.swift; sourceTree = "<group>"; };
		B48C709B2D36BB5E0003C9CD /* FootballLeagueAppUITestsLaunchTests.swift */ = {isa = PBXFileReference; lastKnownFileType = sourcecode.swift; path = FootballLeagueAppUITestsLaunchTests.swift; sourceTree = "<group>"; };
		B48C70AF2D36BD390003C9CD /* LeagueTableView.swift */ = {isa = PBXFileReference; lastKnownFileType = sourcecode.swift; path = LeagueTableView.swift; sourceTree = "<group>"; };
		B48C70B52D36C0310003C9CD /* LeagueTableViewModel.swift */ = {isa = PBXFileReference; lastKnownFileType = sourcecode.swift; path = LeagueTableViewModel.swift; sourceTree = "<group>"; };
		B48C70B72D36C4260003C9CD /* LeagueTableSource.swift */ = {isa = PBXFileReference; lastKnownFileType = sourcecode.swift; path = LeagueTableSource.swift; sourceTree = "<group>"; };
		B48C70B92D36C45C0003C9CD /* LeagueTableItem.swift */ = {isa = PBXFileReference; lastKnownFileType = sourcecode.swift; path = LeagueTableItem.swift; sourceTree = "<group>"; };
		B48C70BB2D36C5770003C9CD /* LeagueTableResult.swift */ = {isa = PBXFileReference; lastKnownFileType = sourcecode.swift; path = LeagueTableResult.swift; sourceTree = "<group>"; };
		B48C70BD2D36C9790003C9CD /* LeagueTableItemView.swift */ = {isa = PBXFileReference; lastKnownFileType = sourcecode.swift; path = LeagueTableItemView.swift; sourceTree = "<group>"; };
		B48C70BF2D36CC6C0003C9CD /* TableSortByProperty.swift */ = {isa = PBXFileReference; lastKnownFileType = sourcecode.swift; path = TableSortByProperty.swift; sourceTree = "<group>"; };
		B48C70C12D36CE570003C9CD /* LeagueTableFiltersView.swift */ = {isa = PBXFileReference; lastKnownFileType = sourcecode.swift; path = LeagueTableFiltersView.swift; sourceTree = "<group>"; };
		B48C70C32D36D4DB0003C9CD /* TeamDetailViewModel.swift */ = {isa = PBXFileReference; lastKnownFileType = sourcecode.swift; path = TeamDetailViewModel.swift; sourceTree = "<group>"; };
		B48C70C52D36D5450003C9CD /* TeamDetail.swift */ = {isa = PBXFileReference; lastKnownFileType = sourcecode.swift; path = TeamDetail.swift; sourceTree = "<group>"; };
		B48C70C72D36D6680003C9CD /* TeamDetailSource.swift */ = {isa = PBXFileReference; lastKnownFileType = sourcecode.swift; path = TeamDetailSource.swift; sourceTree = "<group>"; };
		B48C70C92D36D7130003C9CD /* SearchTeamsResponse.swift */ = {isa = PBXFileReference; lastKnownFileType = sourcecode.swift; path = SearchTeamsResponse.swift; sourceTree = "<group>"; };
		B48C70CB2D36E6DB0003C9CD /* TeamDetailView.swift */ = {isa = PBXFileReference; lastKnownFileType = sourcecode.swift; path = TeamDetailView.swift; sourceTree = "<group>"; };
		B48C70CD2D37048E0003C9CD /* FetchingState.swift */ = {isa = PBXFileReference; lastKnownFileType = sourcecode.swift; path = FetchingState.swift; sourceTree = "<group>"; };
		B48C70CF2D3705B80003C9CD /* TeamDataView.swift */ = {isa = PBXFileReference; lastKnownFileType = sourcecode.swift; path = TeamDataView.swift; sourceTree = "<group>"; };
		B48C70D22D370F580003C9CD /* TeamDetailViewModelTests.swift */ = {isa = PBXFileReference; lastKnownFileType = sourcecode.swift; path = TeamDetailViewModelTests.swift; sourceTree = "<group>"; };
/* End PBXFileReference section */

/* Begin PBXFrameworksBuildPhase section */
		B48C70782D36BB540003C9CD /* Frameworks */ = {
			isa = PBXFrameworksBuildPhase;
			buildActionMask = 2147483647;
			files = (
			);
			runOnlyForDeploymentPostprocessing = 0;
		};
		B48C70882D36BB5E0003C9CD /* Frameworks */ = {
			isa = PBXFrameworksBuildPhase;
			buildActionMask = 2147483647;
			files = (
			);
			runOnlyForDeploymentPostprocessing = 0;
		};
		B48C70922D36BB5E0003C9CD /* Frameworks */ = {
			isa = PBXFrameworksBuildPhase;
			buildActionMask = 2147483647;
			files = (
			);
			runOnlyForDeploymentPostprocessing = 0;
		};
/* End PBXFrameworksBuildPhase section */

/* Begin PBXGroup section */
		B48C70722D36BB540003C9CD = {
			isa = PBXGroup;
			children = (
				B48C707D2D36BB540003C9CD /* FootballLeagueApp */,
				B48C708E2D36BB5E0003C9CD /* FootballLeagueAppTests */,
				B48C70982D36BB5E0003C9CD /* FootballLeagueAppUITests */,
				B48C707C2D36BB540003C9CD /* Products */,
			);
			sourceTree = "<group>";
		};
		B48C707C2D36BB540003C9CD /* Products */ = {
			isa = PBXGroup;
			children = (
				B48C707B2D36BB540003C9CD /* FootballLeagueApp.app */,
				B48C708B2D36BB5E0003C9CD /* FootballLeagueAppTests.xctest */,
				B48C70952D36BB5E0003C9CD /* FootballLeagueAppUITests.xctest */,
			);
			name = Products;
			sourceTree = "<group>";
		};
		B48C707D2D36BB540003C9CD /* FootballLeagueApp */ = {
			isa = PBXGroup;
			children = (
				B48C70AA2D36BC8F0003C9CD /* Modules */,
				B48C707E2D36BB540003C9CD /* FootballLeagueAppApp.swift */,
				B48C70822D36BB5D0003C9CD /* Assets.xcassets */,
				B48C70842D36BB5D0003C9CD /* Preview Content */,
			);
			path = FootballLeagueApp;
			sourceTree = "<group>";
		};
		B48C70842D36BB5D0003C9CD /* Preview Content */ = {
			isa = PBXGroup;
			children = (
				B48C70852D36BB5D0003C9CD /* Preview Assets.xcassets */,
			);
			path = "Preview Content";
			sourceTree = "<group>";
		};
		B48C708E2D36BB5E0003C9CD /* FootballLeagueAppTests */ = {
			isa = PBXGroup;
			children = (
				B48C70D12D370F370003C9CD /* TeamDetailTests */,
				B48C708F2D36BB5E0003C9CD /* FootballLeagueAppTests.swift */,
			);
			path = FootballLeagueAppTests;
			sourceTree = "<group>";
		};
		B48C70982D36BB5E0003C9CD /* FootballLeagueAppUITests */ = {
			isa = PBXGroup;
			children = (
				B48C70992D36BB5E0003C9CD /* FootballLeagueAppUITests.swift */,
				B48C709B2D36BB5E0003C9CD /* FootballLeagueAppUITestsLaunchTests.swift */,
			);
			path = FootballLeagueAppUITests;
			sourceTree = "<group>";
		};
		B48C70AA2D36BC8F0003C9CD /* Modules */ = {
			isa = PBXGroup;
			children = (
				B48C70B12D36BD6D0003C9CD /* TeamDetail */,
				B48C70AB2D36BCF70003C9CD /* LeagueTable */,
			);
			path = Modules;
			sourceTree = "<group>";
		};
		B48C70AB2D36BCF70003C9CD /* LeagueTable */ = {
			isa = PBXGroup;
			children = (
				B48C70AE2D36BD1B0003C9CD /* Services */,
				B48C70AD2D36BD160003C9CD /* Models */,
				B48C70AC2D36BD0D0003C9CD /* Views */,
				B48C70B52D36C0310003C9CD /* LeagueTableViewModel.swift */,
			);
			path = LeagueTable;
			sourceTree = "<group>";
		};
		B48C70AC2D36BD0D0003C9CD /* Views */ = {
			isa = PBXGroup;
			children = (
				B48C70AF2D36BD390003C9CD /* LeagueTableView.swift */,
				B48C70BD2D36C9790003C9CD /* LeagueTableItemView.swift */,
				B48C70C12D36CE570003C9CD /* LeagueTableFiltersView.swift */,
			);
			path = Views;
			sourceTree = "<group>";
		};
		B48C70AD2D36BD160003C9CD /* Models */ = {
			isa = PBXGroup;
			children = (
				B48C70B92D36C45C0003C9CD /* LeagueTableItem.swift */,
				B48C70BB2D36C5770003C9CD /* LeagueTableResult.swift */,
				B48C70BF2D36CC6C0003C9CD /* TableSortByProperty.swift */,
			);
			path = Models;
			sourceTree = "<group>";
		};
		B48C70AE2D36BD1B0003C9CD /* Services */ = {
			isa = PBXGroup;
			children = (
				B48C70B72D36C4260003C9CD /* LeagueTableSource.swift */,
			);
			path = Services;
			sourceTree = "<group>";
		};
		B48C70B12D36BD6D0003C9CD /* TeamDetail */ = {
			isa = PBXGroup;
			children = (
				B48C70B42D36BD890003C9CD /* Services */,
				B48C70B32D36BD840003C9CD /* Models */,
				B48C70B22D36BD7F0003C9CD /* Views */,
				B48C70C32D36D4DB0003C9CD /* TeamDetailViewModel.swift */,
			);
			path = TeamDetail;
			sourceTree = "<group>";
		};
		B48C70B22D36BD7F0003C9CD /* Views */ = {
			isa = PBXGroup;
			children = (
				B48C70CB2D36E6DB0003C9CD /* TeamDetailView.swift */,
				B48C70CF2D3705B80003C9CD /* TeamDataView.swift */,
			);
			path = Views;
			sourceTree = "<group>";
		};
		B48C70B32D36BD840003C9CD /* Models */ = {
			isa = PBXGroup;
			children = (
				B48C70C52D36D5450003C9CD /* TeamDetail.swift */,
				B48C70C92D36D7130003C9CD /* SearchTeamsResponse.swift */,
				B48C70CD2D37048E0003C9CD /* FetchingState.swift */,
			);
			path = Models;
			sourceTree = "<group>";
		};
		B48C70B42D36BD890003C9CD /* Services */ = {
			isa = PBXGroup;
			children = (
				B48C70C72D36D6680003C9CD /* TeamDetailSource.swift */,
			);
			path = Services;
			sourceTree = "<group>";
		};
		B48C70D12D370F370003C9CD /* TeamDetailTests */ = {
			isa = PBXGroup;
			children = (
				B48C70D22D370F580003C9CD /* TeamDetailViewModelTests.swift */,
			);
			path = TeamDetailTests;
			sourceTree = "<group>";
		};
/* End PBXGroup section */

/* Begin PBXNativeTarget section */
		B48C707A2D36BB540003C9CD /* FootballLeagueApp */ = {
			isa = PBXNativeTarget;
			buildConfigurationList = B48C709F2D36BB5E0003C9CD /* Build configuration list for PBXNativeTarget "FootballLeagueApp" */;
			buildPhases = (
				B48C70772D36BB540003C9CD /* Sources */,
				B48C70782D36BB540003C9CD /* Frameworks */,
				B48C70792D36BB540003C9CD /* Resources */,
			);
			buildRules = (
			);
			dependencies = (
			);
			name = FootballLeagueApp;
			productName = FootballLeagueApp;
			productReference = B48C707B2D36BB540003C9CD /* FootballLeagueApp.app */;
			productType = "com.apple.product-type.application";
		};
		B48C708A2D36BB5E0003C9CD /* FootballLeagueAppTests */ = {
			isa = PBXNativeTarget;
			buildConfigurationList = B48C70A22D36BB5E0003C9CD /* Build configuration list for PBXNativeTarget "FootballLeagueAppTests" */;
			buildPhases = (
				B48C70872D36BB5E0003C9CD /* Sources */,
				B48C70882D36BB5E0003C9CD /* Frameworks */,
				B48C70892D36BB5E0003C9CD /* Resources */,
			);
			buildRules = (
			);
			dependencies = (
				B48C708D2D36BB5E0003C9CD /* PBXTargetDependency */,
			);
			name = FootballLeagueAppTests;
			productName = FootballLeagueAppTests;
			productReference = B48C708B2D36BB5E0003C9CD /* FootballLeagueAppTests.xctest */;
			productType = "com.apple.product-type.bundle.unit-test";
		};
		B48C70942D36BB5E0003C9CD /* FootballLeagueAppUITests */ = {
			isa = PBXNativeTarget;
			buildConfigurationList = B48C70A52D36BB5E0003C9CD /* Build configuration list for PBXNativeTarget "FootballLeagueAppUITests" */;
			buildPhases = (
				B48C70912D36BB5E0003C9CD /* Sources */,
				B48C70922D36BB5E0003C9CD /* Frameworks */,
				B48C70932D36BB5E0003C9CD /* Resources */,
			);
			buildRules = (
			);
			dependencies = (
				B48C70972D36BB5E0003C9CD /* PBXTargetDependency */,
			);
			name = FootballLeagueAppUITests;
			productName = FootballLeagueAppUITests;
			productReference = B48C70952D36BB5E0003C9CD /* FootballLeagueAppUITests.xctest */;
			productType = "com.apple.product-type.bundle.ui-testing";
		};
/* End PBXNativeTarget section */

/* Begin PBXProject section */
		B48C70732D36BB540003C9CD /* Project object */ = {
			isa = PBXProject;
			attributes = {
				BuildIndependentTargetsInParallel = 1;
				LastSwiftUpdateCheck = 1420;
				LastUpgradeCheck = 1420;
				TargetAttributes = {
					B48C707A2D36BB540003C9CD = {
						CreatedOnToolsVersion = 14.2;
					};
					B48C708A2D36BB5E0003C9CD = {
						CreatedOnToolsVersion = 14.2;
						TestTargetID = B48C707A2D36BB540003C9CD;
					};
					B48C70942D36BB5E0003C9CD = {
						CreatedOnToolsVersion = 14.2;
						TestTargetID = B48C707A2D36BB540003C9CD;
					};
				};
			};
			buildConfigurationList = B48C70762D36BB540003C9CD /* Build configuration list for PBXProject "FootballLeagueApp" */;
			compatibilityVersion = "Xcode 14.0";
			developmentRegion = en;
			hasScannedForEncodings = 0;
			knownRegions = (
				en,
				Base,
			);
			mainGroup = B48C70722D36BB540003C9CD;
			productRefGroup = B48C707C2D36BB540003C9CD /* Products */;
			projectDirPath = "";
			projectRoot = "";
			targets = (
				B48C707A2D36BB540003C9CD /* FootballLeagueApp */,
				B48C708A2D36BB5E0003C9CD /* FootballLeagueAppTests */,
				B48C70942D36BB5E0003C9CD /* FootballLeagueAppUITests */,
			);
		};
/* End PBXProject section */

/* Begin PBXResourcesBuildPhase section */
		B48C70792D36BB540003C9CD /* Resources */ = {
			isa = PBXResourcesBuildPhase;
			buildActionMask = 2147483647;
			files = (
				B48C70862D36BB5D0003C9CD /* Preview Assets.xcassets in Resources */,
				B48C70832D36BB5D0003C9CD /* Assets.xcassets in Resources */,
			);
			runOnlyForDeploymentPostprocessing = 0;
		};
		B48C70892D36BB5E0003C9CD /* Resources */ = {
			isa = PBXResourcesBuildPhase;
			buildActionMask = 2147483647;
			files = (
			);
			runOnlyForDeploymentPostprocessing = 0;
		};
		B48C70932D36BB5E0003C9CD /* Resources */ = {
			isa = PBXResourcesBuildPhase;
			buildActionMask = 2147483647;
			files = (
			);
			runOnlyForDeploymentPostprocessing = 0;
		};
/* End PBXResourcesBuildPhase section */

/* Begin PBXSourcesBuildPhase section */
		B48C70772D36BB540003C9CD /* Sources */ = {
			isa = PBXSourcesBuildPhase;
			buildActionMask = 2147483647;
			files = (
				B48C70B02D36BD390003C9CD /* LeagueTableView.swift in Sources */,
				B48C70CA2D36D7130003C9CD /* SearchTeamsResponse.swift in Sources */,
				B48C70BA2D36C45C0003C9CD /* LeagueTableItem.swift in Sources */,
				B48C70BC2D36C5770003C9CD /* LeagueTableResult.swift in Sources */,
				B48C70C62D36D5450003C9CD /* TeamDetail.swift in Sources */,
				B48C70C22D36CE570003C9CD /* LeagueTableFiltersView.swift in Sources */,
				B48C70CC2D36E6DB0003C9CD /* TeamDetailView.swift in Sources */,
				B48C70C42D36D4DB0003C9CD /* TeamDetailViewModel.swift in Sources */,
				B48C70B62D36C0310003C9CD /* LeagueTableViewModel.swift in Sources */,
				B48C70D02D3705B80003C9CD /* TeamDataView.swift in Sources */,
				B48C70C02D36CC6C0003C9CD /* TableSortByProperty.swift in Sources */,
				B48C70CE2D37048E0003C9CD /* FetchingState.swift in Sources */,
				B48C70C82D36D6680003C9CD /* TeamDetailSource.swift in Sources */,
				B48C70B82D36C4260003C9CD /* LeagueTableSource.swift in Sources */,
				B48C707F2D36BB540003C9CD /* FootballLeagueAppApp.swift in Sources */,
				B48C70BE2D36C9790003C9CD /* LeagueTableItemView.swift in Sources */,
			);
			runOnlyForDeploymentPostprocessing = 0;
		};
		B48C70872D36BB5E0003C9CD /* Sources */ = {
			isa = PBXSourcesBuildPhase;
			buildActionMask = 2147483647;
			files = (
				B48C70D32D370F580003C9CD /* TeamDetailViewModelTests.swift in Sources */,
				B48C70902D36BB5E0003C9CD /* FootballLeagueAppTests.swift in Sources */,
			);
			runOnlyForDeploymentPostprocessing = 0;
		};
		B48C70912D36BB5E0003C9CD /* Sources */ = {
			isa = PBXSourcesBuildPhase;
			buildActionMask = 2147483647;
			files = (
				B48C709C2D36BB5E0003C9CD /* FootballLeagueAppUITestsLaunchTests.swift in Sources */,
				B48C709A2D36BB5E0003C9CD /* FootballLeagueAppUITests.swift in Sources */,
			);
			runOnlyForDeploymentPostprocessing = 0;
		};
/* End PBXSourcesBuildPhase section */

/* Begin PBXTargetDependency section */
		B48C708D2D36BB5E0003C9CD /* PBXTargetDependency */ = {
			isa = PBXTargetDependency;
			target = B48C707A2D36BB540003C9CD /* FootballLeagueApp */;
			targetProxy = B48C708C2D36BB5E0003C9CD /* PBXContainerItemProxy */;
		};
		B48C70972D36BB5E0003C9CD /* PBXTargetDependency */ = {
			isa = PBXTargetDependency;
			target = B48C707A2D36BB540003C9CD /* FootballLeagueApp */;
			targetProxy = B48C70962D36BB5E0003C9CD /* PBXContainerItemProxy */;
		};
/* End PBXTargetDependency section */

/* Begin XCBuildConfiguration section */
		B48C709D2D36BB5E0003C9CD /* Debug */ = {
			isa = XCBuildConfiguration;
			buildSettings = {
				ALWAYS_SEARCH_USER_PATHS = NO;
				CLANG_ANALYZER_NONNULL = YES;
				CLANG_ANALYZER_NUMBER_OBJECT_CONVERSION = YES_AGGRESSIVE;
				CLANG_CXX_LANGUAGE_STANDARD = "gnu++20";
				CLANG_ENABLE_MODULES = YES;
				CLANG_ENABLE_OBJC_ARC = YES;
				CLANG_ENABLE_OBJC_WEAK = YES;
				CLANG_WARN_BLOCK_CAPTURE_AUTORELEASING = YES;
				CLANG_WARN_BOOL_CONVERSION = YES;
				CLANG_WARN_COMMA = YES;
				CLANG_WARN_CONSTANT_CONVERSION = YES;
				CLANG_WARN_DEPRECATED_OBJC_IMPLEMENTATIONS = YES;
				CLANG_WARN_DIRECT_OBJC_ISA_USAGE = YES_ERROR;
				CLANG_WARN_DOCUMENTATION_COMMENTS = YES;
				CLANG_WARN_EMPTY_BODY = YES;
				CLANG_WARN_ENUM_CONVERSION = YES;
				CLANG_WARN_INFINITE_RECURSION = YES;
				CLANG_WARN_INT_CONVERSION = YES;
				CLANG_WARN_NON_LITERAL_NULL_CONVERSION = YES;
				CLANG_WARN_OBJC_IMPLICIT_RETAIN_SELF = YES;
				CLANG_WARN_OBJC_LITERAL_CONVERSION = YES;
				CLANG_WARN_OBJC_ROOT_CLASS = YES_ERROR;
				CLANG_WARN_QUOTED_INCLUDE_IN_FRAMEWORK_HEADER = YES;
				CLANG_WARN_RANGE_LOOP_ANALYSIS = YES;
				CLANG_WARN_STRICT_PROTOTYPES = YES;
				CLANG_WARN_SUSPICIOUS_MOVE = YES;
				CLANG_WARN_UNGUARDED_AVAILABILITY = YES_AGGRESSIVE;
				CLANG_WARN_UNREACHABLE_CODE = YES;
				CLANG_WARN__DUPLICATE_METHOD_MATCH = YES;
				COPY_PHASE_STRIP = NO;
				DEBUG_INFORMATION_FORMAT = dwarf;
				ENABLE_STRICT_OBJC_MSGSEND = YES;
				ENABLE_TESTABILITY = YES;
				GCC_C_LANGUAGE_STANDARD = gnu11;
				GCC_DYNAMIC_NO_PIC = NO;
				GCC_NO_COMMON_BLOCKS = YES;
				GCC_OPTIMIZATION_LEVEL = 0;
				GCC_PREPROCESSOR_DEFINITIONS = (
					"DEBUG=1",
					"$(inherited)",
				);
				GCC_WARN_64_TO_32_BIT_CONVERSION = YES;
				GCC_WARN_ABOUT_RETURN_TYPE = YES_ERROR;
				GCC_WARN_UNDECLARED_SELECTOR = YES;
				GCC_WARN_UNINITIALIZED_AUTOS = YES_AGGRESSIVE;
				GCC_WARN_UNUSED_FUNCTION = YES;
				GCC_WARN_UNUSED_VARIABLE = YES;
				IPHONEOS_DEPLOYMENT_TARGET = 16.2;
				MTL_ENABLE_DEBUG_INFO = INCLUDE_SOURCE;
				MTL_FAST_MATH = YES;
				ONLY_ACTIVE_ARCH = YES;
				SDKROOT = iphoneos;
				SWIFT_ACTIVE_COMPILATION_CONDITIONS = DEBUG;
				SWIFT_OPTIMIZATION_LEVEL = "-Onone";
			};
			name = Debug;
		};
		B48C709E2D36BB5E0003C9CD /* Release */ = {
			isa = XCBuildConfiguration;
			buildSettings = {
				ALWAYS_SEARCH_USER_PATHS = NO;
				CLANG_ANALYZER_NONNULL = YES;
				CLANG_ANALYZER_NUMBER_OBJECT_CONVERSION = YES_AGGRESSIVE;
				CLANG_CXX_LANGUAGE_STANDARD = "gnu++20";
				CLANG_ENABLE_MODULES = YES;
				CLANG_ENABLE_OBJC_ARC = YES;
				CLANG_ENABLE_OBJC_WEAK = YES;
				CLANG_WARN_BLOCK_CAPTURE_AUTORELEASING = YES;
				CLANG_WARN_BOOL_CONVERSION = YES;
				CLANG_WARN_COMMA = YES;
				CLANG_WARN_CONSTANT_CONVERSION = YES;
				CLANG_WARN_DEPRECATED_OBJC_IMPLEMENTATIONS = YES;
				CLANG_WARN_DIRECT_OBJC_ISA_USAGE = YES_ERROR;
				CLANG_WARN_DOCUMENTATION_COMMENTS = YES;
				CLANG_WARN_EMPTY_BODY = YES;
				CLANG_WARN_ENUM_CONVERSION = YES;
				CLANG_WARN_INFINITE_RECURSION = YES;
				CLANG_WARN_INT_CONVERSION = YES;
				CLANG_WARN_NON_LITERAL_NULL_CONVERSION = YES;
				CLANG_WARN_OBJC_IMPLICIT_RETAIN_SELF = YES;
				CLANG_WARN_OBJC_LITERAL_CONVERSION = YES;
				CLANG_WARN_OBJC_ROOT_CLASS = YES_ERROR;
				CLANG_WARN_QUOTED_INCLUDE_IN_FRAMEWORK_HEADER = YES;
				CLANG_WARN_RANGE_LOOP_ANALYSIS = YES;
				CLANG_WARN_STRICT_PROTOTYPES = YES;
				CLANG_WARN_SUSPICIOUS_MOVE = YES;
				CLANG_WARN_UNGUARDED_AVAILABILITY = YES_AGGRESSIVE;
				CLANG_WARN_UNREACHABLE_CODE = YES;
				CLANG_WARN__DUPLICATE_METHOD_MATCH = YES;
				COPY_PHASE_STRIP = NO;
				DEBUG_INFORMATION_FORMAT = "dwarf-with-dsym";
				ENABLE_NS_ASSERTIONS = NO;
				ENABLE_STRICT_OBJC_MSGSEND = YES;
				GCC_C_LANGUAGE_STANDARD = gnu11;
				GCC_NO_COMMON_BLOCKS = YES;
				GCC_WARN_64_TO_32_BIT_CONVERSION = YES;
				GCC_WARN_ABOUT_RETURN_TYPE = YES_ERROR;
				GCC_WARN_UNDECLARED_SELECTOR = YES;
				GCC_WARN_UNINITIALIZED_AUTOS = YES_AGGRESSIVE;
				GCC_WARN_UNUSED_FUNCTION = YES;
				GCC_WARN_UNUSED_VARIABLE = YES;
				IPHONEOS_DEPLOYMENT_TARGET = 16.2;
				MTL_ENABLE_DEBUG_INFO = NO;
				MTL_FAST_MATH = YES;
				SDKROOT = iphoneos;
				SWIFT_COMPILATION_MODE = wholemodule;
				SWIFT_OPTIMIZATION_LEVEL = "-O";
				VALIDATE_PRODUCT = YES;
			};
			name = Release;
		};
		B48C70A02D36BB5E0003C9CD /* Debug */ = {
			isa = XCBuildConfiguration;
			buildSettings = {
				ASSETCATALOG_COMPILER_APPICON_NAME = AppIcon;
				ASSETCATALOG_COMPILER_GLOBAL_ACCENT_COLOR_NAME = AccentColor;
				CODE_SIGN_STYLE = Automatic;
				CURRENT_PROJECT_VERSION = 1;
				DEVELOPMENT_ASSET_PATHS = "\"FootballLeagueApp/Preview Content\"";
				DEVELOPMENT_TEAM = UT2RZS7M95;
				ENABLE_PREVIEWS = YES;
				GENERATE_INFOPLIST_FILE = YES;
				INFOPLIST_KEY_UIApplicationSceneManifest_Generation = YES;
				INFOPLIST_KEY_UIApplicationSupportsIndirectInputEvents = YES;
				INFOPLIST_KEY_UILaunchScreen_Generation = YES;
				INFOPLIST_KEY_UISupportedInterfaceOrientations_iPad = "UIInterfaceOrientationPortrait UIInterfaceOrientationPortraitUpsideDown UIInterfaceOrientationLandscapeLeft UIInterfaceOrientationLandscapeRight";
				INFOPLIST_KEY_UISupportedInterfaceOrientations_iPhone = "UIInterfaceOrientationPortrait UIInterfaceOrientationLandscapeLeft UIInterfaceOrientationLandscapeRight";
				LD_RUNPATH_SEARCH_PATHS = (
					"$(inherited)",
					"@executable_path/Frameworks",
				);
				MARKETING_VERSION = 1.0;
				PRODUCT_BUNDLE_IDENTIFIER = com.DavidMendoza.FootballLeagueApp;
				PRODUCT_NAME = "$(TARGET_NAME)";
				SWIFT_EMIT_LOC_STRINGS = YES;
				SWIFT_VERSION = 5.0;
				TARGETED_DEVICE_FAMILY = "1,2";
			};
			name = Debug;
		};
		B48C70A12D36BB5E0003C9CD /* Release */ = {
			isa = XCBuildConfiguration;
			buildSettings = {
				ASSETCATALOG_COMPILER_APPICON_NAME = AppIcon;
				ASSETCATALOG_COMPILER_GLOBAL_ACCENT_COLOR_NAME = AccentColor;
				CODE_SIGN_STYLE = Automatic;
				CURRENT_PROJECT_VERSION = 1;
				DEVELOPMENT_ASSET_PATHS = "\"FootballLeagueApp/Preview Content\"";
				DEVELOPMENT_TEAM = UT2RZS7M95;
				ENABLE_PREVIEWS = YES;
				GENERATE_INFOPLIST_FILE = YES;
				INFOPLIST_KEY_UIApplicationSceneManifest_Generation = YES;
				INFOPLIST_KEY_UIApplicationSupportsIndirectInputEvents = YES;
				INFOPLIST_KEY_UILaunchScreen_Generation = YES;
				INFOPLIST_KEY_UISupportedInterfaceOrientations_iPad = "UIInterfaceOrientationPortrait UIInterfaceOrientationPortraitUpsideDown UIInterfaceOrientationLandscapeLeft UIInterfaceOrientationLandscapeRight";
				INFOPLIST_KEY_UISupportedInterfaceOrientations_iPhone = "UIInterfaceOrientationPortrait UIInterfaceOrientationLandscapeLeft UIInterfaceOrientationLandscapeRight";
				LD_RUNPATH_SEARCH_PATHS = (
					"$(inherited)",
					"@executable_path/Frameworks",
				);
				MARKETING_VERSION = 1.0;
				PRODUCT_BUNDLE_IDENTIFIER = com.DavidMendoza.FootballLeagueApp;
				PRODUCT_NAME = "$(TARGET_NAME)";
				SWIFT_EMIT_LOC_STRINGS = YES;
				SWIFT_VERSION = 5.0;
				TARGETED_DEVICE_FAMILY = "1,2";
			};
			name = Release;
		};
		B48C70A32D36BB5E0003C9CD /* Debug */ = {
			isa = XCBuildConfiguration;
			buildSettings = {
				ALWAYS_EMBED_SWIFT_STANDARD_LIBRARIES = YES;
				BUNDLE_LOADER = "$(TEST_HOST)";
				CODE_SIGN_STYLE = Automatic;
				CURRENT_PROJECT_VERSION = 1;
				DEVELOPMENT_TEAM = UT2RZS7M95;
				GENERATE_INFOPLIST_FILE = YES;
				IPHONEOS_DEPLOYMENT_TARGET = 16.2;
				MARKETING_VERSION = 1.0;
				PRODUCT_BUNDLE_IDENTIFIER = com.DavidMendoza.FootballLeagueAppTests;
				PRODUCT_NAME = "$(TARGET_NAME)";
				SWIFT_EMIT_LOC_STRINGS = NO;
				SWIFT_VERSION = 5.0;
				TARGETED_DEVICE_FAMILY = "1,2";
				TEST_HOST = "$(BUILT_PRODUCTS_DIR)/FootballLeagueApp.app/$(BUNDLE_EXECUTABLE_FOLDER_PATH)/FootballLeagueApp";
			};
			name = Debug;
		};
		B48C70A42D36BB5E0003C9CD /* Release */ = {
			isa = XCBuildConfiguration;
			buildSettings = {
				ALWAYS_EMBED_SWIFT_STANDARD_LIBRARIES = YES;
				BUNDLE_LOADER = "$(TEST_HOST)";
				CODE_SIGN_STYLE = Automatic;
				CURRENT_PROJECT_VERSION = 1;
				DEVELOPMENT_TEAM = UT2RZS7M95;
				GENERATE_INFOPLIST_FILE = YES;
				IPHONEOS_DEPLOYMENT_TARGET = 16.2;
				MARKETING_VERSION = 1.0;
				PRODUCT_BUNDLE_IDENTIFIER = com.DavidMendoza.FootballLeagueAppTests;
				PRODUCT_NAME = "$(TARGET_NAME)";
				SWIFT_EMIT_LOC_STRINGS = NO;
				SWIFT_VERSION = 5.0;
				TARGETED_DEVICE_FAMILY = "1,2";
				TEST_HOST = "$(BUILT_PRODUCTS_DIR)/FootballLeagueApp.app/$(BUNDLE_EXECUTABLE_FOLDER_PATH)/FootballLeagueApp";
			};
			name = Release;
		};
		B48C70A62D36BB5E0003C9CD /* Debug */ = {
			isa = XCBuildConfiguration;
			buildSettings = {
				ALWAYS_EMBED_SWIFT_STANDARD_LIBRARIES = YES;
				CODE_SIGN_STYLE = Automatic;
				CURRENT_PROJECT_VERSION = 1;
				DEVELOPMENT_TEAM = UT2RZS7M95;
				GENERATE_INFOPLIST_FILE = YES;
				MARKETING_VERSION = 1.0;
				PRODUCT_BUNDLE_IDENTIFIER = com.DavidMendoza.FootballLeagueAppUITests;
				PRODUCT_NAME = "$(TARGET_NAME)";
				SWIFT_EMIT_LOC_STRINGS = NO;
				SWIFT_VERSION = 5.0;
				TARGETED_DEVICE_FAMILY = "1,2";
				TEST_TARGET_NAME = FootballLeagueApp;
			};
			name = Debug;
		};
		B48C70A72D36BB5E0003C9CD /* Release */ = {
			isa = XCBuildConfiguration;
			buildSettings = {
				ALWAYS_EMBED_SWIFT_STANDARD_LIBRARIES = YES;
				CODE_SIGN_STYLE = Automatic;
				CURRENT_PROJECT_VERSION = 1;
				DEVELOPMENT_TEAM = UT2RZS7M95;
				GENERATE_INFOPLIST_FILE = YES;
				MARKETING_VERSION = 1.0;
				PRODUCT_BUNDLE_IDENTIFIER = com.DavidMendoza.FootballLeagueAppUITests;
				PRODUCT_NAME = "$(TARGET_NAME)";
				SWIFT_EMIT_LOC_STRINGS = NO;
				SWIFT_VERSION = 5.0;
				TARGETED_DEVICE_FAMILY = "1,2";
				TEST_TARGET_NAME = FootballLeagueApp;
			};
			name = Release;
		};
/* End XCBuildConfiguration section */

/* Begin XCConfigurationList section */
		B48C70762D36BB540003C9CD /* Build configuration list for PBXProject "FootballLeagueApp" */ = {
			isa = XCConfigurationList;
			buildConfigurations = (
				B48C709D2D36BB5E0003C9CD /* Debug */,
				B48C709E2D36BB5E0003C9CD /* Release */,
			);
			defaultConfigurationIsVisible = 0;
			defaultConfigurationName = Release;
		};
		B48C709F2D36BB5E0003C9CD /* Build configuration list for PBXNativeTarget "FootballLeagueApp" */ = {
			isa = XCConfigurationList;
			buildConfigurations = (
				B48C70A02D36BB5E0003C9CD /* Debug */,
				B48C70A12D36BB5E0003C9CD /* Release */,
			);
			defaultConfigurationIsVisible = 0;
			defaultConfigurationName = Release;
		};
		B48C70A22D36BB5E0003C9CD /* Build configuration list for PBXNativeTarget "FootballLeagueAppTests" */ = {
			isa = XCConfigurationList;
			buildConfigurations = (
				B48C70A32D36BB5E0003C9CD /* Debug */,
				B48C70A42D36BB5E0003C9CD /* Release */,
			);
			defaultConfigurationIsVisible = 0;
			defaultConfigurationName = Release;
		};
		B48C70A52D36BB5E0003C9CD /* Build configuration list for PBXNativeTarget "FootballLeagueAppUITests" */ = {
			isa = XCConfigurationList;
			buildConfigurations = (
				B48C70A62D36BB5E0003C9CD /* Debug */,
				B48C70A72D36BB5E0003C9CD /* Release */,
			);
			defaultConfigurationIsVisible = 0;
			defaultConfigurationName = Release;
		};
/* End XCConfigurationList section */
	};
	rootObject = B48C70732D36BB540003C9CD /* Project object */;
}
